
Microsoft Visual Studio Solution File, Format Version 12.00
# Visual Studio Version 17
VisualStudioVersion = 17.9.34728.123
MinimumVisualStudioVersion = 10.0.40219.1
Project("{FAE04EC0-301F-11D3-BF4B-00C04F79EFBC}") = "ProStoreApi", "ProStoreApi.csproj", "{64F7A640-66A3-4509-906E-03CD4CB23FD7}"
EndProject
Global
	GlobalSection(SolutionConfigurationPlatforms) = preSolution
		Debug|Any CPU = Debug|Any CPU
		Release|Any CPU = Release|Any CPU
	EndGlobalSection
	GlobalSection(ProjectConfigurationPlatforms) = postSolution
		{64F7A640-66A3-4509-906E-03CD4CB23FD7}.Debug|Any CPU.ActiveCfg = Debug|Any CPU
		{64F7A640-66A3-4509-906E-03CD4CB23FD7}.Debug|Any CPU.Build.0 = Debug|Any CPU
		{64F7A640-66A3-4509-906E-03CD4CB23FD7}.Release|Any CPU.ActiveCfg = Release|Any CPU
		{64F7A640-66A3-4509-906E-03CD4CB23FD7}.Release|Any CPU.Build.0 = Release|Any CPU
	EndGlobalSection
	GlobalSection(SolutionProperties) = preSolution
		HideSolutionNode = FALSE
	EndGlobalSection
	GlobalSection(ExtensibilityGlobals) = postSolution
		SolutionGuid = {652CBB8A-ACF3-495A-8F0A-F9F9554F7718}
	EndGlobalSection
EndGlobal
